Microsoft Visual Studio Solution File, Format Version 12.00
# Visual Studio 14
Project("{8BC9CEB8-8B4A-11D0-8D11-00A0C91BC942}") = "ALL_BUILD", "ALL_BUILD.vcxproj", "{0544DDFC-C809-31FA-A262-2AE7E9D2D090}"
	ProjectSection(ProjectDependencies) = postProject
		{F1F8BFAA-88B8-3AEF-8CEA-01F31DA6C7BC} = {F1F8BFAA-88B8-3AEF-8CEA-01F31DA6C7BC}
		{52117061-1E79-38FE-9280-3F842251E1EB} = {52117061-1E79-38FE-9280-3F842251E1EB}
		{85939916-62D8-3E32-A912-97AF6F1060BD} = {85939916-62D8-3E32-A912-97AF6F1060BD}
		{EE1E4AC9-8BF4-3733-BAEE-3587F465D59D} = {EE1E4AC9-8BF4-3733-BAEE-3587F465D59D}
		{266F029F-570D-3CD1-B282-E05EB589BE6D} = {266F029F-570D-3CD1-B282-E05EB589BE6D}
		{7281A105-8E7A-396B-A7D6-925C84056D86} = {7281A105-8E7A-396B-A7D6-925C84056D86}
	EndProjectSection
EndProject
Project("{8BC9CEB8-8B4A-11D0-8D11-00A0C91BC942}") = "INSTALL", "INSTALL.vcxproj", "{3B8DCF29-F764-3F1C-8A23-99CF9C595CDA}"
	ProjectSection(ProjectDependencies) = postProject
		{0544DDFC-C809-31FA-A262-2AE7E9D2D090} = {0544DDFC-C809-31FA-A262-2AE7E9D2D090}
		{F1F8BFAA-88B8-3AEF-8CEA-01F31DA6C7BC} = {F1F8BFAA-88B8-3AEF-8CEA-01F31DA6C7BC}
	EndProjectSection
EndProject
Project("{8BC9CEB8-8B4A-11D0-8D11-00A0C91BC942}") = "UpdateAssimpLibsDebugSymbolsAndDLLs", "UpdateAssimpLibsDebugSymbolsAndDLLs.vcxproj", "{B5150784-B51C-3BC6-BF49-A749AE606018}"
	ProjectSection(ProjectDependencies) = postProject
		{F1F8BFAA-88B8-3AEF-8CEA-01F31DA6C7BC} = {F1F8BFAA-88B8-3AEF-8CEA-01F31DA6C7BC}
	EndProjectSection
EndProject
Project("{8BC9CEB8-8B4A-11D0-8D11-00A0C91BC942}") = "ZERO_CHECK", "ZERO_CHECK.vcxproj", "{F1F8BFAA-88B8-3AEF-8CEA-01F31DA6C7BC}"
	ProjectSection(ProjectDependencies) = postProject
	EndProjectSection
EndProject
Project("{8BC9CEB8-8B4A-11D0-8D11-00A0C91BC942}") = "assimp", "code\assimp.vcxproj", "{52117061-1E79-38FE-9280-3F842251E1EB}"
	ProjectSection(ProjectDependencies) = postProject
		{F1F8BFAA-88B8-3AEF-8CEA-01F31DA6C7BC} = {F1F8BFAA-88B8-3AEF-8CEA-01F31DA6C7BC}
		{7281A105-8E7A-396B-A7D6-925C84056D86} = {7281A105-8E7A-396B-A7D6-925C84056D86}
	EndProjectSection
EndProject
Project("{8BC9CEB8-8B4A-11D0-8D11-00A0C91BC942}") = "assimp_cmd", "tools\assimp_cmd\assimp_cmd.vcxproj", "{85939916-62D8-3E32-A912-97AF6F1060BD}"
	ProjectSection(ProjectDependencies) = postProject
		{F1F8BFAA-88B8-3AEF-8CEA-01F31DA6C7BC} = {F1F8BFAA-88B8-3AEF-8CEA-01F31DA6C7BC}
		{52117061-1E79-38FE-9280-3F842251E1EB} = {52117061-1E79-38FE-9280-3F842251E1EB}
		{7281A105-8E7A-396B-A7D6-925C84056D86} = {7281A105-8E7A-396B-A7D6-925C84056D86}
	EndProjectSection
EndProject
Project("{8BC9CEB8-8B4A-11D0-8D11-00A0C91BC942}") = "gtest", "test\gtest.vcxproj", "{EE1E4AC9-8BF4-3733-BAEE-3587F465D59D}"
	ProjectSection(ProjectDependencies) = postProject
		{F1F8BFAA-88B8-3AEF-8CEA-01F31DA6C7BC} = {F1F8BFAA-88B8-3AEF-8CEA-01F31DA6C7BC}
	EndProjectSection
EndProject
Project("{8BC9CEB8-8B4A-11D0-8D11-00A0C91BC942}") = "uninstall", "uninstall.vcxproj", "{9F322C25-F5FC-30E2-9979-13A54CA504C3}"
	ProjectSection(ProjectDependencies) = postProject
		{F1F8BFAA-88B8-3AEF-8CEA-01F31DA6C7BC} = {F1F8BFAA-88B8-3AEF-8CEA-01F31DA6C7BC}
	EndProjectSection
EndProject
Project("{8BC9CEB8-8B4A-11D0-8D11-00A0C91BC942}") = "unit", "test\unit.vcxproj", "{266F029F-570D-3CD1-B282-E05EB589BE6D}"
	ProjectSection(ProjectDependencies) = postProject
		{F1F8BFAA-88B8-3AEF-8CEA-01F31DA6C7BC} = {F1F8BFAA-88B8-3AEF-8CEA-01F31DA6C7BC}
		{52117061-1E79-38FE-9280-3F842251E1EB} = {52117061-1E79-38FE-9280-3F842251E1EB}
		{EE1E4AC9-8BF4-3733-BAEE-3587F465D59D} = {EE1E4AC9-8BF4-3733-BAEE-3587F465D59D}
		{7281A105-8E7A-396B-A7D6-925C84056D86} = {7281A105-8E7A-396B-A7D6-925C84056D86}
	EndProjectSection
EndProject
Project("{8BC9CEB8-8B4A-11D0-8D11-00A0C91BC942}") = "zlibstatic", "contrib\zlib\zlibstatic.vcxproj", "{7281A105-8E7A-396B-A7D6-925C84056D86}"
	ProjectSection(ProjectDependencies) = postProject
		{F1F8BFAA-88B8-3AEF-8CEA-01F31DA6C7BC} = {F1F8BFAA-88B8-3AEF-8CEA-01F31DA6C7BC}
	EndProjectSection
EndProject
Global
	GlobalSection(SolutionConfigurationPlatforms) = preSolution
		Debug|Win32 = Debug|Win32
		Release|Win32 = Release|Win32
		MinSizeRel|Win32 = MinSizeRel|Win32
		RelWithDebInfo|Win32 = RelWithDebInfo|Win32
	EndGlobalSection
	GlobalSection(ProjectConfigurationPlatforms) = postSolution
		{0544DDFC-C809-31FA-A262-2AE7E9D2D090}.Debug|Win32.ActiveCfg = Debug|Win32
		{0544DDFC-C809-31FA-A262-2AE7E9D2D090}.Debug|Win32.Build.0 = Debug|Win32
		{0544DDFC-C809-31FA-A262-2AE7E9D2D090}.Release|Win32.ActiveCfg = Release|Win32
		{0544DDFC-C809-31FA-A262-2AE7E9D2D090}.Release|Win32.Build.0 = Release|Win32
		{0544DDFC-C809-31FA-A262-2AE7E9D2D090}.MinSizeRel|Win32.ActiveCfg = MinSizeRel|Win32
		{0544DDFC-C809-31FA-A262-2AE7E9D2D090}.MinSizeRel|Win32.Build.0 = MinSizeRel|Win32
		{0544DDFC-C809-31FA-A262-2AE7E9D2D090}.RelWithDebInfo|Win32.ActiveCfg = RelWithDebInfo|Win32
		{0544DDFC-C809-31FA-A262-2AE7E9D2D090}.RelWithDebInfo|Win32.Build.0 = RelWithDebInfo|Win32
		{3B8DCF29-F764-3F1C-8A23-99CF9C595CDA}.Debug|Win32.ActiveCfg = Debug|Win32
		{3B8DCF29-F764-3F1C-8A23-99CF9C595CDA}.Release|Win32.ActiveCfg = Release|Win32
		{3B8DCF29-F764-3F1C-8A23-99CF9C595CDA}.MinSizeRel|Win32.ActiveCfg = MinSizeRel|Win32
		{3B8DCF29-F764-3F1C-8A23-99CF9C595CDA}.RelWithDebInfo|Win32.ActiveCfg = RelWithDebInfo|Win32
		{B5150784-B51C-3BC6-BF49-A749AE606018}.Debug|Win32.ActiveCfg = Debug|Win32
		{B5150784-B51C-3BC6-BF49-A749AE606018}.Release|Win32.ActiveCfg = Release|Win32
		{B5150784-B51C-3BC6-BF49-A749AE606018}.MinSizeRel|Win32.ActiveCfg = MinSizeRel|Win32
		{B5150784-B51C-3BC6-BF49-A749AE606018}.RelWithDebInfo|Win32.ActiveCfg = RelWithDebInfo|Win32
		{F1F8BFAA-88B8-3AEF-8CEA-01F31DA6C7BC}.Debug|Win32.ActiveCfg = Debug|Win32
		{F1F8BFAA-88B8-3AEF-8CEA-01F31DA6C7BC}.Debug|Win32.Build.0 = Debug|Win32
		{F1F8BFAA-88B8-3AEF-8CEA-01F31DA6C7BC}.Release|Win32.ActiveCfg = Release|Win32
		{F1F8BFAA-88B8-3AEF-8CEA-01F31DA6C7BC}.Release|Win32.Build.0 = Release|Win32
		{F1F8BFAA-88B8-3AEF-8CEA-01F31DA6C7BC}.MinSizeRel|Win32.ActiveCfg = MinSizeRel|Win32
		{F1F8BFAA-88B8-3AEF-8CEA-01F31DA6C7BC}.MinSizeRel|Win32.Build.0 = MinSizeRel|Win32
		{F1F8BFAA-88B8-3AEF-8CEA-01F31DA6C7BC}.RelWithDebInfo|Win32.ActiveCfg = RelWithDebInfo|Win32
		{F1F8BFAA-88B8-3AEF-8CEA-01F31DA6C7BC}.RelWithDebInfo|Win32.Build.0 = RelWithDebInfo|Win32
		{52117061-1E79-38FE-9280-3F842251E1EB}.Debug|Win32.ActiveCfg = Debug|Win32
		{52117061-1E79-38FE-9280-3F842251E1EB}.Debug|Win32.Build.0 = Debug|Win32
		{52117061-1E79-38FE-9280-3F842251E1EB}.Release|Win32.ActiveCfg = Release|Win32
		{52117061-1E79-38FE-9280-3F842251E1EB}.Release|Win32.Build.0 = Release|Win32
		{52117061-1E79-38FE-9280-3F842251E1EB}.MinSizeRel|Win32.ActiveCfg = MinSizeRel|Win32
		{52117061-1E79-38FE-9280-3F842251E1EB}.MinSizeRel|Win32.Build.0 = MinSizeRel|Win32
		{52117061-1E79-38FE-9280-3F842251E1EB}.RelWithDebInfo|Win32.ActiveCfg = RelWithDebInfo|Win32
		{52117061-1E79-38FE-9280-3F842251E1EB}.RelWithDebInfo|Win32.Build.0 = RelWithDebInfo|Win32
		{85939916-62D8-3E32-A912-97AF6F1060BD}.Debug|Win32.ActiveCfg = Debug|Win32
		{85939916-62D8-3E32-A912-97AF6F1060BD}.Debug|Win32.Build.0 = Debug|Win32
		{85939916-62D8-3E32-A912-97AF6F1060BD}.Release|Win32.ActiveCfg = Release|Win32
		{85939916-62D8-3E32-A912-97AF6F1060BD}.Release|Win32.Build.0 = Release|Win32
		{85939916-62D8-3E32-A912-97AF6F1060BD}.MinSizeRel|Win32.ActiveCfg = MinSizeRel|Win32
		{85939916-62D8-3E32-A912-97AF6F1060BD}.MinSizeRel|Win32.Build.0 = MinSizeRel|Win32
		{85939916-62D8-3E32-A912-97AF6F1060BD}.RelWithDebInfo|Win32.ActiveCfg = RelWithDebInfo|Win32
		{85939916-62D8-3E32-A912-97AF6F1060BD}.RelWithDebInfo|Win32.Build.0 = RelWithDebInfo|Win32
		{EE1E4AC9-8BF4-3733-BAEE-3587F465D59D}.Debug|Win32.ActiveCfg = Debug|Win32
		{EE1E4AC9-8BF4-3733-BAEE-3587F465D59D}.Debug|Win32.Build.0 = Debug|Win32
		{EE1E4AC9-8BF4-3733-BAEE-3587F465D59D}.Release|Win32.ActiveCfg = Release|Win32
		{EE1E4AC9-8BF4-3733-BAEE-3587F465D59D}.Release|Win32.Build.0 = Release|Win32
		{EE1E4AC9-8BF4-3733-BAEE-3587F465D59D}.MinSizeRel|Win32.ActiveCfg = MinSizeRel|Win32
		{EE1E4AC9-8BF4-3733-BAEE-3587F465D59D}.MinSizeRel|Win32.Build.0 = MinSizeRel|Win32
		{EE1E4AC9-8BF4-3733-BAEE-3587F465D59D}.RelWithDebInfo|Win32.ActiveCfg = RelWithDebInfo|Win32
		{EE1E4AC9-8BF4-3733-BAEE-3587F465D59D}.RelWithDebInfo|Win32.Build.0 = RelWithDebInfo|Win32
		{9F322C25-F5FC-30E2-9979-13A54CA504C3}.Debug|Win32.ActiveCfg = Debug|Win32
		{9F322C25-F5FC-30E2-9979-13A54CA504C3}.Release|Win32.ActiveCfg = Release|Win32
		{9F322C25-F5FC-30E2-9979-13A54CA504C3}.MinSizeRel|Win32.ActiveCfg = MinSizeRel|Win32
		{9F322C25-F5FC-30E2-9979-13A54CA504C3}.RelWithDebInfo|Win32.ActiveCfg = RelWithDebInfo|Win32
		{266F029F-570D-3CD1-B282-E05EB589BE6D}.Debug|Win32.ActiveCfg = Debug|Win32
		{266F029F-570D-3CD1-B282-E05EB589BE6D}.Debug|Win32.Build.0 = Debug|Win32
		{266F029F-570D-3CD1-B282-E05EB589BE6D}.Release|Win32.ActiveCfg = Release|Win32
		{266F029F-570D-3CD1-B282-E05EB589BE6D}.Release|Win32.Build.0 = Release|Win32
		{266F029F-570D-3CD1-B282-E05EB589BE6D}.MinSizeRel|Win32.ActiveCfg = MinSizeRel|Win32
		{266F029F-570D-3CD1-B282-E05EB589BE6D}.MinSizeRel|Win32.Build.0 = MinSizeRel|Win32
		{266F029F-570D-3CD1-B282-E05EB589BE6D}.RelWithDebInfo|Win32.ActiveCfg = RelWithDebInfo|Win32
		{266F029F-570D-3CD1-B282-E05EB589BE6D}.RelWithDebInfo|Win32.Build.0 = RelWithDebInfo|Win32
		{7281A105-8E7A-396B-A7D6-925C84056D86}.Debug|Win32.ActiveCfg = Debug|Win32
		{7281A105-8E7A-396B-A7D6-925C84056D86}.Debug|Win32.Build.0 = Debug|Win32
		{7281A105-8E7A-396B-A7D6-925C84056D86}.Release|Win32.ActiveCfg = Release|Win32
		{7281A105-8E7A-396B-A7D6-925C84056D86}.Release|Win32.Build.0 = Release|Win32
		{7281A105-8E7A-396B-A7D6-925C84056D86}.MinSizeRel|Win32.ActiveCfg = MinSizeRel|Win32
		{7281A105-8E7A-396B-A7D6-925C84056D86}.MinSizeRel|Win32.Build.0 = MinSizeRel|Win32
		{7281A105-8E7A-396B-A7D6-925C84056D86}.RelWithDebInfo|Win32.ActiveCfg = RelWithDebInfo|Win32
		{7281A105-8E7A-396B-A7D6-925C84056D86}.RelWithDebInfo|Win32.Build.0 = RelWithDebInfo|Win32
	EndGlobalSection
	GlobalSection(ExtensibilityGlobals) = postSolution
	EndGlobalSection
	GlobalSection(ExtensibilityAddIns) = postSolution
	EndGlobalSection
EndGlobal
