Microsoft Visual Studio Solution File, Format Version 12.00
# Visual Studio 14
Project("{8BC9CEB8-8B4A-11D0-8D11-00A0C91BC942}") = "ALL_BUILD", "ALL_BUILD.vcxproj", "{159A5996-2E61-39B2-95CB-72200093563C}"
	ProjectSection(ProjectDependencies) = postProject
		{30B71805-F4B0-3505-ABFB-FA9EA5E2E093} = {30B71805-F4B0-3505-ABFB-FA9EA5E2E093}
		{D94C188A-19E5-3625-9FC9-5344B3519E45} = {D94C188A-19E5-3625-9FC9-5344B3519E45}
		{15F2E6BC-674D-3DD8-AAC8-92C907DEA14C} = {15F2E6BC-674D-3DD8-AAC8-92C907DEA14C}
	EndProjectSection
EndProject
Project("{8BC9CEB8-8B4A-11D0-8D11-00A0C91BC942}") = "INSTALL", "INSTALL.vcxproj", "{72ECF501-27AD-3B0E-B43A-F20A7650DEA0}"
	ProjectSection(ProjectDependencies) = postProject
		{159A5996-2E61-39B2-95CB-72200093563C} = {159A5996-2E61-39B2-95CB-72200093563C}
		{30B71805-F4B0-3505-ABFB-FA9EA5E2E093} = {30B71805-F4B0-3505-ABFB-FA9EA5E2E093}
	EndProjectSection
EndProject
Project("{8BC9CEB8-8B4A-11D0-8D11-00A0C91BC942}") = "RUN_TESTS", "RUN_TESTS.vcxproj", "{37AB3A8C-191D-3427-A7B6-48133F28CD84}"
	ProjectSection(ProjectDependencies) = postProject
		{30B71805-F4B0-3505-ABFB-FA9EA5E2E093} = {30B71805-F4B0-3505-ABFB-FA9EA5E2E093}
	EndProjectSection
EndProject
Project("{8BC9CEB8-8B4A-11D0-8D11-00A0C91BC942}") = "ZERO_CHECK", "..\..\\ZERO_CHECK.vcxproj", "{30B71805-F4B0-3505-ABFB-FA9EA5E2E093}"
	ProjectSection(ProjectDependencies) = postProject
	EndProjectSection
EndProject
Project("{8BC9CEB8-8B4A-11D0-8D11-00A0C91BC942}") = "gtest", "gtest.vcxproj", "{D94C188A-19E5-3625-9FC9-5344B3519E45}"
	ProjectSection(ProjectDependencies) = postProject
		{30B71805-F4B0-3505-ABFB-FA9EA5E2E093} = {30B71805-F4B0-3505-ABFB-FA9EA5E2E093}
	EndProjectSection
EndProject
Project("{8BC9CEB8-8B4A-11D0-8D11-00A0C91BC942}") = "gtest_main", "gtest_main.vcxproj", "{15F2E6BC-674D-3DD8-AAC8-92C907DEA14C}"
	ProjectSection(ProjectDependencies) = postProject
		{30B71805-F4B0-3505-ABFB-FA9EA5E2E093} = {30B71805-F4B0-3505-ABFB-FA9EA5E2E093}
		{D94C188A-19E5-3625-9FC9-5344B3519E45} = {D94C188A-19E5-3625-9FC9-5344B3519E45}
	EndProjectSection
EndProject
Global
	GlobalSection(SolutionConfigurationPlatforms) = preSolution
		Debug|Win32 = Debug|Win32
		Release|Win32 = Release|Win32
		MinSizeRel|Win32 = MinSizeRel|Win32
		RelWithDebInfo|Win32 = RelWithDebInfo|Win32
	EndGlobalSection
	GlobalSection(ProjectConfigurationPlatforms) = postSolution
		{159A5996-2E61-39B2-95CB-72200093563C}.Debug|Win32.ActiveCfg = Debug|Win32
		{159A5996-2E61-39B2-95CB-72200093563C}.Debug|Win32.Build.0 = Debug|Win32
		{159A5996-2E61-39B2-95CB-72200093563C}.Release|Win32.ActiveCfg = Release|Win32
		{159A5996-2E61-39B2-95CB-72200093563C}.Release|Win32.Build.0 = Release|Win32
		{159A5996-2E61-39B2-95CB-72200093563C}.MinSizeRel|Win32.ActiveCfg = MinSizeRel|Win32
		{159A5996-2E61-39B2-95CB-72200093563C}.MinSizeRel|Win32.Build.0 = MinSizeRel|Win32
		{159A5996-2E61-39B2-95CB-72200093563C}.RelWithDebInfo|Win32.ActiveCfg = RelWithDebInfo|Win32
		{159A5996-2E61-39B2-95CB-72200093563C}.RelWithDebInfo|Win32.Build.0 = RelWithDebInfo|Win32
		{72ECF501-27AD-3B0E-B43A-F20A7650DEA0}.Debug|Win32.ActiveCfg = Debug|Win32
		{72ECF501-27AD-3B0E-B43A-F20A7650DEA0}.Release|Win32.ActiveCfg = Release|Win32
		{72ECF501-27AD-3B0E-B43A-F20A7650DEA0}.MinSizeRel|Win32.ActiveCfg = MinSizeRel|Win32
		{72ECF501-27AD-3B0E-B43A-F20A7650DEA0}.RelWithDebInfo|Win32.ActiveCfg = RelWithDebInfo|Win32
		{37AB3A8C-191D-3427-A7B6-48133F28CD84}.Debug|Win32.ActiveCfg = Debug|Win32
		{37AB3A8C-191D-3427-A7B6-48133F28CD84}.Release|Win32.ActiveCfg = Release|Win32
		{37AB3A8C-191D-3427-A7B6-48133F28CD84}.MinSizeRel|Win32.ActiveCfg = MinSizeRel|Win32
		{37AB3A8C-191D-3427-A7B6-48133F28CD84}.RelWithDebInfo|Win32.ActiveCfg = RelWithDebInfo|Win32
		{30B71805-F4B0-3505-ABFB-FA9EA5E2E093}.Debug|Win32.ActiveCfg = Debug|Win32
		{30B71805-F4B0-3505-ABFB-FA9EA5E2E093}.Debug|Win32.Build.0 = Debug|Win32
		{30B71805-F4B0-3505-ABFB-FA9EA5E2E093}.Release|Win32.ActiveCfg = Release|Win32
		{30B71805-F4B0-3505-ABFB-FA9EA5E2E093}.Release|Win32.Build.0 = Release|Win32
		{30B71805-F4B0-3505-ABFB-FA9EA5E2E093}.MinSizeRel|Win32.ActiveCfg = MinSizeRel|Win32
		{30B71805-F4B0-3505-ABFB-FA9EA5E2E093}.MinSizeRel|Win32.Build.0 = MinSizeRel|Win32
		{30B71805-F4B0-3505-ABFB-FA9EA5E2E093}.RelWithDebInfo|Win32.ActiveCfg = RelWithDebInfo|Win32
		{30B71805-F4B0-3505-ABFB-FA9EA5E2E093}.RelWithDebInfo|Win32.Build.0 = RelWithDebInfo|Win32
		{D94C188A-19E5-3625-9FC9-5344B3519E45}.Debug|Win32.ActiveCfg = Debug|Win32
		{D94C188A-19E5-3625-9FC9-5344B3519E45}.Debug|Win32.Build.0 = Debug|Win32
		{D94C188A-19E5-3625-9FC9-5344B3519E45}.Release|Win32.ActiveCfg = Release|Win32
		{D94C188A-19E5-3625-9FC9-5344B3519E45}.Release|Win32.Build.0 = Release|Win32
		{D94C188A-19E5-3625-9FC9-5344B3519E45}.MinSizeRel|Win32.ActiveCfg = MinSizeRel|Win32
		{D94C188A-19E5-3625-9FC9-5344B3519E45}.MinSizeRel|Win32.Build.0 = MinSizeRel|Win32
		{D94C188A-19E5-3625-9FC9-5344B3519E45}.RelWithDebInfo|Win32.ActiveCfg = RelWithDebInfo|Win32
		{D94C188A-19E5-3625-9FC9-5344B3519E45}.RelWithDebInfo|Win32.Build.0 = RelWithDebInfo|Win32
		{15F2E6BC-674D-3DD8-AAC8-92C907DEA14C}.Debug|Win32.ActiveCfg = Debug|Win32
		{15F2E6BC-674D-3DD8-AAC8-92C907DEA14C}.Debug|Win32.Build.0 = Debug|Win32
		{15F2E6BC-674D-3DD8-AAC8-92C907DEA14C}.Release|Win32.ActiveCfg = Release|Win32
		{15F2E6BC-674D-3DD8-AAC8-92C907DEA14C}.Release|Win32.Build.0 = Release|Win32
		{15F2E6BC-674D-3DD8-AAC8-92C907DEA14C}.MinSizeRel|Win32.ActiveCfg = MinSizeRel|Win32
		{15F2E6BC-674D-3DD8-AAC8-92C907DEA14C}.MinSizeRel|Win32.Build.0 = MinSizeRel|Win32
		{15F2E6BC-674D-3DD8-AAC8-92C907DEA14C}.RelWithDebInfo|Win32.ActiveCfg = RelWithDebInfo|Win32
		{15F2E6BC-674D-3DD8-AAC8-92C907DEA14C}.RelWithDebInfo|Win32.Build.0 = RelWithDebInfo|Win32
	EndGlobalSection
	GlobalSection(ExtensibilityGlobals) = postSolution
	EndGlobalSection
	GlobalSection(ExtensibilityAddIns) = postSolution
	EndGlobalSection
EndGlobal
